{
  "name": "PotatoCoin",
  "lockfileVersion": 3,
  "requires": true,
  "packages": {
    "": {
      "dependencies": {
        "@arrow-js/core": "^1.0.0-alpha.10",
        "@formkit/drag-and-drop": "^0.0.38"
      }
    },
    "node_modules/@arrow-js/core": {
      "version": "1.0.0-alpha.10",
      "resolved": "https://registry.npmjs.org/@arrow-js/core/-/core-1.0.0-alpha.10.tgz",
      "integrity": "sha512-UR+Hl6Wzw251OxUz1kBvIeSe9n/pwO16dlNmCPvHv0Z99hNoc2uEDMxyg2Q6oQ6YobZao7EZsw2simtoQWWFPg==",
      "engines": {
        "node": ">=14.0.0"
      }
    },
    "node_modules/@formkit/drag-and-drop": {
      "version": "0.0.38",
      "resolved": "https://registry.npmjs.org/@formkit/drag-and-drop/-/drag-and-drop-0.0.38.tgz",
      "integrity": "sha512-3uJFcqz1xL7x/5pClDnyqEDfyFRDFH+75MFpJYXnVF17oekxLrwbUaOBN7ttKGn1jW2MdojRw4WMnSN1iLryvw=="
    }
  }
}
